github.com/BurntSushi/toml v0.4.1 h1:GaI7EiDXDRfa8VshkTj7Fym7ha+y8/XxIgD2okUIjLw=
github.com/BurntSushi/toml v0.4.1/go.mod h1:CxXYINrC8qIiEnFrOxCa7Jy5BFHlXnUU2pbicEuybxQ=
github.com/takatoh/respspec v0.9.1 h1:ooLyINOsvWZ9NO/HmuMHG07BpdUNVqeeDmN7aT8S/dw=
github.com/takatoh/respspec v0.9.1/go.mod h1:QGGO8Aooo3plLCppKz6DxbSHeDnvY4Nqqse3N79/1Zk=
github.com/takatoh/sdof v0.2.3 h1:Qp/NOkFXopMQoKRlNsUC3r6EA5n3kzH3yjfyDRIEX+8=
github.com/takatoh/sdof v0.2.3/go.mod h1:NRGpDlcdkmtUa7/lWQeS+FGCSIfN1dWkS1TXgHQTYWA=
github.com/takatoh/seismicwave v1.2.0 h1:5LkFkvwnX2WVW/2Fc8up/LAxIq7rkzJPTT/tDkYr5AQ=
github.com/takatoh/seismicwave v1.2.0/go.mod h1:12LiGN4MDDHklwcjlwC/uBzuDWfAv4dZHzdCTvs+5gQ=
